
Microsoft Visual Studio Solution File, Format Version 12.00
# Visual Studio 15
VisualStudioVersion = 15.0.27004.2002
MinimumVisualStudioVersion = 10.0.40219.1
Project("{9A19103F-16F7-4668-BE54-9A1E7A4F7556}") = "SacramentMeetingPlanner", "SacramentMeetingPlanner\SacramentMeetingPlanner.csproj", "{A462382F-088A-4F22-B13E-18B76D611334}"
EndProject
Global
	GlobalSection(SolutionConfigurationPlatforms) = preSolution
		Debug|Any CPU = Debug|Any CPU
		Release|Any CPU = Release|Any CPU
	EndGlobalSection
	GlobalSection(ProjectConfigurationPlatforms) = postSolution
		{A462382F-088A-4F22-B13E-18B76D611334}.Debug|Any CPU.ActiveCfg = Debug|Any CPU
		{A462382F-088A-4F22-B13E-18B76D611334}.Debug|Any CPU.Build.0 = Debug|Any CPU
		{A462382F-088A-4F22-B13E-18B76D611334}.Release|Any CPU.ActiveCfg = Release|Any CPU
		{A462382F-088A-4F22-B13E-18B76D611334}.Release|Any CPU.Build.0 = Release|Any CPU
	EndGlobalSection
	GlobalSection(SolutionProperties) = preSolution
		HideSolutionNode = FALSE
	EndGlobalSection
	GlobalSection(ExtensibilityGlobals) = postSolution
		SolutionGuid = {DAE3E713-95D4-4AB3-8CB7-F938647CBE0E}
	EndGlobalSection
EndGlobal
